// !$*UTF8*$!
{
	archiveVersion = 1;
	classes = {
	};
	objectVersion = 50;
	objects = {

/* Begin PBXBuildFile section */
		794EAF1C213ABBA300939E5B /* AppDelegate.swift in Sources */ = {isa = PBXBuildFile; fileRef = 794EAF1B213ABBA300939E5B /* AppDelegate.swift */; };
		794EAF2E213AC64000939E5B /* CryptoCompareResponseParserTests.swift in Sources */ = {isa = PBXBuildFile; fileRef = 794EAF2D213AC64000939E5B /* CryptoCompareResponseParserTests.swift */; };
		794EAF30213AC86500939E5B /* CoinListResponse.json in Resources */ = {isa = PBXBuildFile; fileRef = 794EAF2F213AC86500939E5B /* CoinListResponse.json */; };
		794EAF33213ADCCC00939E5B /* CoinListResponse.swift in Sources */ = {isa = PBXBuildFile; fileRef = 794EAF32213ADCCC00939E5B /* CoinListResponse.swift */; };
		794EAF34213BE45D00939E5B /* CoinListResponse.json in Resources */ = {isa = PBXBuildFile; fileRef = 794EAF2F213AC86500939E5B /* CoinListResponse.json */; };
		794EAF38213C06DA00939E5B /* SymbolPriceResponse.json in Resources */ = {isa = PBXBuildFile; fileRef = 794EAF37213C06DA00939E5B /* SymbolPriceResponse.json */; };
		794EAF3A213C070000939E5B /* SymbolsPriceResponse.json in Resources */ = {isa = PBXBuildFile; fileRef = 794EAF39213C070000939E5B /* SymbolsPriceResponse.json */; };
		794EAF3F213C673B00939E5B /* GetSymbolsFullDataRequest.swift in Sources */ = {isa = PBXBuildFile; fileRef = 794EAF3D213C66F500939E5B /* GetSymbolsFullDataRequest.swift */; };
		794EAF41213C67A000939E5B /* SymbolsFullDataResponse.swift in Sources */ = {isa = PBXBuildFile; fileRef = 794EAF40213C67A000939E5B /* SymbolsFullDataResponse.swift */; };
		794EAF43213C712300939E5B /* SymbolsFullDataResponse.json in Resources */ = {isa = PBXBuildFile; fileRef = 794EAF42213C712300939E5B /* SymbolsFullDataResponse.json */; };
		794EAF45213D15BA00939E5B /* GetHistoricalDailyRequest.swift in Sources */ = {isa = PBXBuildFile; fileRef = 794EAF44213D15BA00939E5B /* GetHistoricalDailyRequest.swift */; };
		794EAF47213D174A00939E5B /* HistoricalDataResponse.swift in Sources */ = {isa = PBXBuildFile; fileRef = 794EAF46213D174A00939E5B /* HistoricalDataResponse.swift */; };
		794EAF49213D193100939E5B /* HistoricalDailyResponse.json in Resources */ = {isa = PBXBuildFile; fileRef = 794EAF48213D193100939E5B /* HistoricalDailyResponse.json */; };
		796C089821517FB3006DD1DF /* GetHistoricalHourlyRequest.swift in Sources */ = {isa = PBXBuildFile; fileRef = 796C089721517FB3006DD1DF /* GetHistoricalHourlyRequest.swift */; };
		796C089B215186C4006DD1DF /* HistoricalHourlyResponse.json in Resources */ = {isa = PBXBuildFile; fileRef = 796C08992151801F006DD1DF /* HistoricalHourlyResponse.json */; };
		79875BB1214BE5D9000CBE14 /* GetExchangesRequest.swift in Sources */ = {isa = PBXBuildFile; fileRef = 79875BB0214BE5D9000CBE14 /* GetExchangesRequest.swift */; };
		79875BB6214BE78C000CBE14 /* ExchangesResponse.json in Resources */ = {isa = PBXBuildFile; fileRef = 79875BB4214BE686000CBE14 /* ExchangesResponse.json */; };
		79ABEDD4213704BC009C8FE4 /* CryptoCompareApi.framework in Frameworks */ = {isa = PBXBuildFile; fileRef = 79ABEDCA213704BB009C8FE4 /* CryptoCompareApi.framework */; };
		79ABEDD9213704BC009C8FE4 /* CryptoCompareAPITests.swift in Sources */ = {isa = PBXBuildFile; fileRef = 79ABEDD8213704BC009C8FE4 /* CryptoCompareAPITests.swift */; };
		79ABEDDB213704BC009C8FE4 /* CryptoCompareAPI.h in Headers */ = {isa = PBXBuildFile; fileRef = 79ABEDCD213704BB009C8FE4 /* CryptoCompareAPI.h */; settings = {ATTRIBUTES = (Public, ); }; };
		79ABEDE5213716CD009C8FE4 /* CryptoCompareAPI.swift in Sources */ = {isa = PBXBuildFile; fileRef = 79ABEDE4213716CD009C8FE4 /* CryptoCompareAPI.swift */; };
		79ABEDE721371C0C009C8FE4 /* Result.swift in Sources */ = {isa = PBXBuildFile; fileRef = 79ABEDE621371C0C009C8FE4 /* Result.swift */; };
		79ABEDEB21371CDF009C8FE4 /* APIRequest.swift in Sources */ = {isa = PBXBuildFile; fileRef = 79ABEDEA21371CDF009C8FE4 /* APIRequest.swift */; };
		79ABEDF02137258C009C8FE4 /* CryptoCompareResponse.swift in Sources */ = {isa = PBXBuildFile; fileRef = 79ABEDEF2137258C009C8FE4 /* CryptoCompareResponse.swift */; };
		79ABEDF221372F1E009C8FE4 /* GetCoinListRequest.swift in Sources */ = {isa = PBXBuildFile; fileRef = 79ABEDF121372F1E009C8FE4 /* GetCoinListRequest.swift */; };
		79ABEDF421373078009C8FE4 /* GetSymbolsPriceRequest.swift in Sources */ = {isa = PBXBuildFile; fileRef = 79ABEDF321373078009C8FE4 /* GetSymbolsPriceRequest.swift */; };
		79ABEDF621373083009C8FE4 /* GetSymbolPriceRequest.swift in Sources */ = {isa = PBXBuildFile; fileRef = 79ABEDF521373083009C8FE4 /* GetSymbolPriceRequest.swift */; };
		79ABEDF92137D908009C8FE4 /* Exchange.swift in Sources */ = {isa = PBXBuildFile; fileRef = 79ABEDF82137D908009C8FE4 /* Exchange.swift */; };
		79ABEDFC2137E210009C8FE4 /* HTTPParameter.swift in Sources */ = {isa = PBXBuildFile; fileRef = 79ABEDFB2137E210009C8FE4 /* HTTPParameter.swift */; };
		79ABEDFE2137E272009C8FE4 /* CryptoCompareError.swift in Sources */ = {isa = PBXBuildFile; fileRef = 79ABEDFD2137E272009C8FE4 /* CryptoCompareError.swift */; };
		79ABEE02213809C3009C8FE4 /* CryptoCompareRequestBuilderTests.swift in Sources */ = {isa = PBXBuildFile; fileRef = 79ABEE01213809C3009C8FE4 /* CryptoCompareRequestBuilderTests.swift */; };
		79ABEE0421380AAE009C8FE4 /* RequestBuilder.swift in Sources */ = {isa = PBXBuildFile; fileRef = 79ABEE0321380AAE009C8FE4 /* RequestBuilder.swift */; };
		79ABEE0621380C3C009C8FE4 /* ResponseValidator.swift in Sources */ = {isa = PBXBuildFile; fileRef = 79ABEE0521380C3C009C8FE4 /* ResponseValidator.swift */; };
		79ABEE0A21380EB7009C8FE4 /* Shared.swift in Sources */ = {isa = PBXBuildFile; fileRef = 79ABEE0921380EB7009C8FE4 /* Shared.swift */; };
		79B2EEE72146FA33008C6418 /* ValueParameter.swift in Sources */ = {isa = PBXBuildFile; fileRef = 79B2EEE62146FA33008C6418 /* ValueParameter.swift */; };
		79B2EEE92146FC7A008C6418 /* CustomAverageResponse.swift in Sources */ = {isa = PBXBuildFile; fileRef = 79B2EEE82146FC7A008C6418 /* CustomAverageResponse.swift */; };
		79C763822166242F005BD675 /* GetNewsFeedsRequest.swift in Sources */ = {isa = PBXBuildFile; fileRef = 79C763812166242F005BD675 /* GetNewsFeedsRequest.swift */; };
		79C7638421662470005BD675 /* NewsFeedResponse.swift in Sources */ = {isa = PBXBuildFile; fileRef = 79C7638321662470005BD675 /* NewsFeedResponse.swift */; };
		79C7638721662892005BD675 /* NewsFeedsResponse.json in Resources */ = {isa = PBXBuildFile; fileRef = 79C7638521662717005BD675 /* NewsFeedsResponse.json */; };
		79C7638921662E6F005BD675 /* GetLatestNewsRequest.swift in Sources */ = {isa = PBXBuildFile; fileRef = 79C7638821662E6F005BD675 /* GetLatestNewsRequest.swift */; };
		79D318302143CA5900A4D0FD /* GetCustomAverageRequest.swift in Sources */ = {isa = PBXBuildFile; fileRef = 79D3182F2143CA5900A4D0FD /* GetCustomAverageRequest.swift */; };
		79D318352143CB5200A4D0FD /* CustomAverageResponse.json in Resources */ = {isa = PBXBuildFile; fileRef = 79D318332143CB4D00A4D0FD /* CustomAverageResponse.json */; };
/* End PBXBuildFile section */

/* Begin PBXContainerItemProxy section */
		794EAF2B213ABBEC00939E5B /* PBXContainerItemProxy */ = {
			isa = PBXContainerItemProxy;
			containerPortal = 79ABEDC1213704BB009C8FE4 /* Project object */;
			proxyType = 1;
			remoteGlobalIDString = 794EAF18213ABBA200939E5B;
			remoteInfo = TestTarget;
		};
		79ABEDD5213704BC009C8FE4 /* PBXContainerItemProxy */ = {
			isa = PBXContainerItemProxy;
			containerPortal = 79ABEDC1213704BB009C8FE4 /* Project object */;
			proxyType = 1;
			remoteGlobalIDString = 79ABEDC9213704BB009C8FE4;
			remoteInfo = CryptoCompareApi;
		};
/* End PBXContainerItemProxy section */

/* Begin PBXFileReference section */
		794EAF19213ABBA200939E5B /* TestTarget.app */ = {isa = PBXFileReference; explicitFileType = wrapper.application; includeInIndex = 0; path = TestTarget.app; sourceTree = BUILT_PRODUCTS_DIR; };
		794EAF1B213ABBA300939E5B /* AppDelegate.swift */ = {isa = PBXFileReference; lastKnownFileType = sourcecode.swift; path = AppDelegate.swift; sourceTree = "<group>"; };
		794EAF27213ABBA600939E5B /* Info.plist */ = {isa = PBXFileReference; lastKnownFileType = text.plist.xml; path = Info.plist; sourceTree = "<group>"; };
		794EAF2D213AC64000939E5B /* CryptoCompareResponseParserTests.swift */ = {isa = PBXFileReference; lastKnownFileType = sourcecode.swift; path = CryptoCompareResponseParserTests.swift; sourceTree = "<group>"; };
		794EAF2F213AC86500939E5B /* CoinListResponse.json */ = {isa = PBXFileReference; lastKnownFileType = text.json; path = CoinListResponse.json; sourceTree = "<group>"; };
		794EAF32213ADCCC00939E5B /* CoinListResponse.swift */ = {isa = PBXFileReference; lastKnownFileType = sourcecode.swift; path = CoinListResponse.swift; sourceTree = "<group>"; };
		794EAF37213C06DA00939E5B /* SymbolPriceResponse.json */ = {isa = PBXFileReference; lastKnownFileType = text.json; path = SymbolPriceResponse.json; sourceTree = "<group>"; };
		794EAF39213C070000939E5B /* SymbolsPriceResponse.json */ = {isa = PBXFileReference; lastKnownFileType = text.json; path = SymbolsPriceResponse.json; sourceTree = "<group>"; };
		794EAF3D213C66F500939E5B /* GetSymbolsFullDataRequest.swift */ = {isa = PBXFileReference; lastKnownFileType = sourcecode.swift; path = GetSymbolsFullDataRequest.swift; sourceTree = "<group>"; };
		794EAF40213C67A000939E5B /* SymbolsFullDataResponse.swift */ = {isa = PBXFileReference; lastKnownFileType = sourcecode.swift; path = SymbolsFullDataResponse.swift; sourceTree = "<group>"; };
		794EAF42213C712300939E5B /* SymbolsFullDataResponse.json */ = {isa = PBXFileReference; lastKnownFileType = text.json; path = SymbolsFullDataResponse.json; sourceTree = "<group>"; };
		794EAF44213D15BA00939E5B /* GetHistoricalDailyRequest.swift */ = {isa = PBXFileReference; lastKnownFileType = sourcecode.swift; path = GetHistoricalDailyRequest.swift; sourceTree = "<group>"; };
		794EAF46213D174A00939E5B /* HistoricalDataResponse.swift */ = {isa = PBXFileReference; lastKnownFileType = sourcecode.swift; path = HistoricalDataResponse.swift; sourceTree = "<group>"; };
		794EAF48213D193100939E5B /* HistoricalDailyResponse.json */ = {isa = PBXFileReference; lastKnownFileType = text.json; path = HistoricalDailyResponse.json; sourceTree = "<group>"; };
		796C089721517FB3006DD1DF /* GetHistoricalHourlyRequest.swift */ = {isa = PBXFileReference; lastKnownFileType = sourcecode.swift; path = GetHistoricalHourlyRequest.swift; sourceTree = "<group>"; };
		796C08992151801F006DD1DF /* HistoricalHourlyResponse.json */ = {isa = PBXFileReference; lastKnownFileType = text.json; path = HistoricalHourlyResponse.json; sourceTree = "<group>"; };
		79875BB0214BE5D9000CBE14 /* GetExchangesRequest.swift */ = {isa = PBXFileReference; lastKnownFileType = sourcecode.swift; path = GetExchangesRequest.swift; sourceTree = "<group>"; };
		79875BB4214BE686000CBE14 /* ExchangesResponse.json */ = {isa = PBXFileReference; lastKnownFileType = text.json; path = ExchangesResponse.json; sourceTree = "<group>"; };
		79ABEDCA213704BB009C8FE4 /* CryptoCompareApi.framework */ = {isa = PBXFileReference; explicitFileType = wrapper.framework; includeInIndex = 0; path = CryptoCompareApi.framework; sourceTree = BUILT_PRODUCTS_DIR; };
		79ABEDCD213704BB009C8FE4 /* CryptoCompareAPI.h */ = {isa = PBXFileReference; lastKnownFileType = sourcecode.c.h; path = CryptoCompareAPI.h; sourceTree = "<group>"; };
		79ABEDCE213704BB009C8FE4 /* Info.plist */ = {isa = PBXFileReference; lastKnownFileType = text.plist.xml; path = Info.plist; sourceTree = "<group>"; };
		79ABEDD3213704BC009C8FE4 /* CryptoCompareApiTests.xctest */ = {isa = PBXFileReference; explicitFileType = wrapper.cfbundle; includeInIndex = 0; path = CryptoCompareApiTests.xctest; sourceTree = BUILT_PRODUCTS_DIR; };
		79ABEDD8213704BC009C8FE4 /* CryptoCompareAPITests.swift */ = {isa = PBXFileReference; lastKnownFileType = sourcecode.swift; path = CryptoCompareAPITests.swift; sourceTree = "<group>"; };
		79ABEDDA213704BC009C8FE4 /* Info.plist */ = {isa = PBXFileReference; lastKnownFileType = text.plist.xml; path = Info.plist; sourceTree = "<group>"; };
		79ABEDE4213716CD009C8FE4 /* CryptoCompareAPI.swift */ = {isa = PBXFileReference; lastKnownFileType = sourcecode.swift; path = CryptoCompareAPI.swift; sourceTree = "<group>"; };
		79ABEDE621371C0C009C8FE4 /* Result.swift */ = {isa = PBXFileReference; lastKnownFileType = sourcecode.swift; path = Result.swift; sourceTree = "<group>"; };
		79ABEDEA21371CDF009C8FE4 /* APIRequest.swift */ = {isa = PBXFileReference; lastKnownFileType = sourcecode.swift; path = APIRequest.swift; sourceTree = "<group>"; };
		79ABEDEF2137258C009C8FE4 /* CryptoCompareResponse.swift */ = {isa = PBXFileReference; lastKnownFileType = sourcecode.swift; path = CryptoCompareResponse.swift; sourceTree = "<group>"; };
		79ABEDF121372F1E009C8FE4 /* GetCoinListRequest.swift */ = {isa = PBXFileReference; lastKnownFileType = sourcecode.swift; path = GetCoinListRequest.swift; sourceTree = "<group>"; };
		79ABEDF321373078009C8FE4 /* GetSymbolsPriceRequest.swift */ = {isa = PBXFileReference; lastKnownFileType = sourcecode.swift; path = GetSymbolsPriceRequest.swift; sourceTree = "<group>"; };
		79ABEDF521373083009C8FE4 /* GetSymbolPriceRequest.swift */ = {isa = PBXFileReference; lastKnownFileType = sourcecode.swift; path = GetSymbolPriceRequest.swift; sourceTree = "<group>"; };
		79ABEDF82137D908009C8FE4 /* Exchange.swift */ = {isa = PBXFileReference; lastKnownFileType = sourcecode.swift; path = Exchange.swift; sourceTree = "<group>"; };
		79ABEDFB2137E210009C8FE4 /* HTTPParameter.swift */ = {isa = PBXFileReference; lastKnownFileType = sourcecode.swift; path = HTTPParameter.swift; sourceTree = "<group>"; };
		79ABEDFD2137E272009C8FE4 /* CryptoCompareError.swift */ = {isa = PBXFileReference; lastKnownFileType = sourcecode.swift; path = CryptoCompareError.swift; sourceTree = "<group>"; };
		79ABEE01213809C3009C8FE4 /* CryptoCompareRequestBuilderTests.swift */ = {isa = PBXFileReference; lastKnownFileType = sourcecode.swift; path = CryptoCompareRequestBuilderTests.swift; sourceTree = "<group>"; };
		79ABEE0321380AAE009C8FE4 /* RequestBuilder.swift */ = {isa = PBXFileReference; lastKnownFileType = sourcecode.swift; path = RequestBuilder.swift; sourceTree = "<group>"; };
		79ABEE0521380C3C009C8FE4 /* ResponseValidator.swift */ = {isa = PBXFileReference; lastKnownFileType = sourcecode.swift; path = ResponseValidator.swift; sourceTree = "<group>"; };
		79ABEE0921380EB7009C8FE4 /* Shared.swift */ = {isa = PBXFileReference; lastKnownFileType = sourcecode.swift; path = Shared.swift; sourceTree = "<group>"; };
		79B2EEE62146FA33008C6418 /* ValueParameter.swift */ = {isa = PBXFileReference; lastKnownFileType = sourcecode.swift; path = ValueParameter.swift; sourceTree = "<group>"; };
		79B2EEE82146FC7A008C6418 /* CustomAverageResponse.swift */ = {isa = PBXFileReference; lastKnownFileType = sourcecode.swift; path = CustomAverageResponse.swift; sourceTree = "<group>"; };
		79C763812166242F005BD675 /* GetNewsFeedsRequest.swift */ = {isa = PBXFileReference; lastKnownFileType = sourcecode.swift; path = GetNewsFeedsRequest.swift; sourceTree = "<group>"; };
		79C7638321662470005BD675 /* NewsFeedResponse.swift */ = {isa = PBXFileReference; lastKnownFileType = sourcecode.swift; path = NewsFeedResponse.swift; sourceTree = "<group>"; };
		79C7638521662717005BD675 /* NewsFeedsResponse.json */ = {isa = PBXFileReference; lastKnownFileType = text.json; path = NewsFeedsResponse.json; sourceTree = "<group>"; };
		79C7638821662E6F005BD675 /* GetLatestNewsRequest.swift */ = {isa = PBXFileReference; lastKnownFileType = sourcecode.swift; path = GetLatestNewsRequest.swift; sourceTree = "<group>"; };
		79D3182F2143CA5900A4D0FD /* GetCustomAverageRequest.swift */ = {isa = PBXFileReference; lastKnownFileType = sourcecode.swift; path = GetCustomAverageRequest.swift; sourceTree = "<group>"; };
		79D318332143CB4D00A4D0FD /* CustomAverageResponse.json */ = {isa = PBXFileReference; lastKnownFileType = text.json; path = CustomAverageResponse.json; sourceTree = "<group>"; };
/* End PBXFileReference section */

/* Begin PBXFrameworksBuildPhase section */
		794EAF16213ABBA200939E5B /* Frameworks */ = {
			isa = PBXFrameworksBuildPhase;
			buildActionMask = 2147483647;
			files = (
			);
			runOnlyForDeploymentPostprocessing = 0;
		};
		79ABEDC6213704BB009C8FE4 /* Frameworks */ = {
			isa = PBXFrameworksBuildPhase;
			buildActionMask = 2147483647;
			files = (
			);
			runOnlyForDeploymentPostprocessing = 0;
		};
		79ABEDD0213704BC009C8FE4 /* Frameworks */ = {
			isa = PBXFrameworksBuildPhase;
			buildActionMask = 2147483647;
			files = (
				79ABEDD4213704BC009C8FE4 /* CryptoCompareApi.framework in Frameworks */,
			);
			runOnlyForDeploymentPostprocessing = 0;
		};
/* End PBXFrameworksBuildPhase section */

/* Begin PBXGroup section */
		794EAF1A213ABBA300939E5B /* TestTarget */ = {
			isa = PBXGroup;
			children = (
				794EAF1B213ABBA300939E5B /* AppDelegate.swift */,
				794EAF27213ABBA600939E5B /* Info.plist */,
			);
			path = TestTarget;
			sourceTree = "<group>";
		};
		794EAF31213AC90400939E5B /* Responses */ = {
			isa = PBXGroup;
			children = (
				794EAF2F213AC86500939E5B /* CoinListResponse.json */,
				794EAF37213C06DA00939E5B /* SymbolPriceResponse.json */,
				794EAF39213C070000939E5B /* SymbolsPriceResponse.json */,
				794EAF42213C712300939E5B /* SymbolsFullDataResponse.json */,
				794EAF48213D193100939E5B /* HistoricalDailyResponse.json */,
				79D318332143CB4D00A4D0FD /* CustomAverageResponse.json */,
				79875BB4214BE686000CBE14 /* ExchangesResponse.json */,
				796C08992151801F006DD1DF /* HistoricalHourlyResponse.json */,
				79C7638521662717005BD675 /* NewsFeedsResponse.json */,
			);
			path = Responses;
			sourceTree = "<group>";
		};
		79ABEDC0213704BB009C8FE4 = {
			isa = PBXGroup;
			children = (
				79ABEDCC213704BB009C8FE4 /* CryptoCompareAPI */,
				79ABEDD7213704BC009C8FE4 /* CryptoCompareAPITests */,
				794EAF1A213ABBA300939E5B /* TestTarget */,
				79ABEDCB213704BB009C8FE4 /* Products */,
			);
			sourceTree = "<group>";
		};
		79ABEDCB213704BB009C8FE4 /* Products */ = {
			isa = PBXGroup;
			children = (
				79ABEDCA213704BB009C8FE4 /* CryptoCompareApi.framework */,
				79ABEDD3213704BC009C8FE4 /* CryptoCompareApiTests.xctest */,
				794EAF19213ABBA200939E5B /* TestTarget.app */,
			);
			name = Products;
			sourceTree = "<group>";
		};
		79ABEDCC213704BB009C8FE4 /* CryptoCompareAPI */ = {
			isa = PBXGroup;
			children = (
				79ABEDCD213704BB009C8FE4 /* CryptoCompareAPI.h */,
				79ABEDE4213716CD009C8FE4 /* CryptoCompareAPI.swift */,
				79ABEDCE213704BB009C8FE4 /* Info.plist */,
				79ABEDF72137D8F6009C8FE4 /* Models */,
				79ABEDEC21371E01009C8FE4 /* Requests */,
				79ABEDFA2137E13F009C8FE4 /* Utils */,
			);
			path = CryptoCompareAPI;
			sourceTree = "<group>";
		};
		79ABEDD7213704BC009C8FE4 /* CryptoCompareAPITests */ = {
			isa = PBXGroup;
			children = (
				794EAF31213AC90400939E5B /* Responses */,
				79ABEDD8213704BC009C8FE4 /* CryptoCompareAPITests.swift */,
				79ABEDDA213704BC009C8FE4 /* Info.plist */,
				79ABEE01213809C3009C8FE4 /* CryptoCompareRequestBuilderTests.swift */,
				79ABEE0921380EB7009C8FE4 /* Shared.swift */,
				794EAF2D213AC64000939E5B /* CryptoCompareResponseParserTests.swift */,
			);
			path = CryptoCompareAPITests;
			sourceTree = "<group>";
		};
		79ABEDEC21371E01009C8FE4 /* Requests */ = {
			isa = PBXGroup;
			children = (
				79ABEDF121372F1E009C8FE4 /* GetCoinListRequest.swift */,
				79ABEDF321373078009C8FE4 /* GetSymbolsPriceRequest.swift */,
				79ABEDF521373083009C8FE4 /* GetSymbolPriceRequest.swift */,
				794EAF3D213C66F500939E5B /* GetSymbolsFullDataRequest.swift */,
				794EAF44213D15BA00939E5B /* GetHistoricalDailyRequest.swift */,
				79D3182F2143CA5900A4D0FD /* GetCustomAverageRequest.swift */,
				79875BB0214BE5D9000CBE14 /* GetExchangesRequest.swift */,
				796C089721517FB3006DD1DF /* GetHistoricalHourlyRequest.swift */,
				79C763812166242F005BD675 /* GetNewsFeedsRequest.swift */,
				79C7638821662E6F005BD675 /* GetLatestNewsRequest.swift */,
			);
			path = Requests;
			sourceTree = "<group>";
		};
		79ABEDF72137D8F6009C8FE4 /* Models */ = {
			isa = PBXGroup;
			children = (
				79ABEDEA21371CDF009C8FE4 /* APIRequest.swift */,
				79ABEDEF2137258C009C8FE4 /* CryptoCompareResponse.swift */,
				79ABEDF82137D908009C8FE4 /* Exchange.swift */,
				79ABEDFD2137E272009C8FE4 /* CryptoCompareError.swift */,
				794EAF32213ADCCC00939E5B /* CoinListResponse.swift */,
				794EAF40213C67A000939E5B /* SymbolsFullDataResponse.swift */,
				794EAF46213D174A00939E5B /* HistoricalDataResponse.swift */,
				79B2EEE82146FC7A008C6418 /* CustomAverageResponse.swift */,
				79C7638321662470005BD675 /* NewsFeedResponse.swift */,
			);
			path = Models;
			sourceTree = "<group>";
		};
		79ABEDFA2137E13F009C8FE4 /* Utils */ = {
			isa = PBXGroup;
			children = (
				79ABEDE621371C0C009C8FE4 /* Result.swift */,
				79ABEDFB2137E210009C8FE4 /* HTTPParameter.swift */,
				79ABEE0321380AAE009C8FE4 /* RequestBuilder.swift */,
				79ABEE0521380C3C009C8FE4 /* ResponseValidator.swift */,
				79B2EEE62146FA33008C6418 /* ValueParameter.swift */,
			);
			path = Utils;
			sourceTree = "<group>";
		};
/* End PBXGroup section */

/* Begin PBXHeadersBuildPhase section */
		79ABEDC7213704BB009C8FE4 /* Headers */ = {
			isa = PBXHeadersBuildPhase;
			buildActionMask = 2147483647;
			files = (
				79ABEDDB213704BC009C8FE4 /* CryptoCompareAPI.h in Headers */,
			);
			runOnlyForDeploymentPostprocessing = 0;
		};
/* End PBXHeadersBuildPhase section */

/* Begin PBXNativeTarget section */
		794EAF18213ABBA200939E5B /* TestTarget */ = {
			isa = PBXNativeTarget;
			buildConfigurationList = 794EAF28213ABBA600939E5B /* Build configuration list for PBXNativeTarget "TestTarget" */;
			buildPhases = (
				794EAF15213ABBA200939E5B /* Sources */,
				794EAF16213ABBA200939E5B /* Frameworks */,
				794EAF17213ABBA200939E5B /* Resources */,
			);
			buildRules = (
			);
			dependencies = (
			);
			name = TestTarget;
			productName = TestTarget;
			productReference = 794EAF19213ABBA200939E5B /* TestTarget.app */;
			productType = "com.apple.product-type.application";
		};
		79ABEDC9213704BB009C8FE4 /* CryptoCompareApi */ = {
			isa = PBXNativeTarget;
			buildConfigurationList = 79ABEDDE213704BC009C8FE4 /* Build configuration list for PBXNativeTarget "CryptoCompareApi" */;
			buildPhases = (
				79ABEDC5213704BB009C8FE4 /* Sources */,
				79ABEDC6213704BB009C8FE4 /* Frameworks */,
				79ABEDC7213704BB009C8FE4 /* Headers */,
				79ABEDC8213704BB009C8FE4 /* Resources */,
			);
			buildRules = (
			);
			dependencies = (
			);
			name = CryptoCompareApi;
			productName = CryptoCompareApi;
			productReference = 79ABEDCA213704BB009C8FE4 /* CryptoCompareApi.framework */;
			productType = "com.apple.product-type.framework";
		};
		79ABEDD2213704BC009C8FE4 /* CryptoCompareApiTests */ = {
			isa = PBXNativeTarget;
			buildConfigurationList = 79ABEDE1213704BC009C8FE4 /* Build configuration list for PBXNativeTarget "CryptoCompareApiTests" */;
			buildPhases = (
				79ABEDCF213704BC009C8FE4 /* Sources */,
				79ABEDD0213704BC009C8FE4 /* Frameworks */,
				79ABEDD1213704BC009C8FE4 /* Resources */,
			);
			buildRules = (
			);
			dependencies = (
				79ABEDD6213704BC009C8FE4 /* PBXTargetDependency */,
				794EAF2C213ABBEC00939E5B /* PBXTargetDependency */,
			);
			name = CryptoCompareApiTests;
			productName = CryptoCompareApiTests;
			productReference = 79ABEDD3213704BC009C8FE4 /* CryptoCompareApiTests.xctest */;
			productType = "com.apple.product-type.bundle.unit-test";
		};
/* End PBXNativeTarget section */

/* Begin PBXProject section */
		79ABEDC1213704BB009C8FE4 /* Project object */ = {
			isa = PBXProject;
			attributes = {
				LastSwiftUpdateCheck = 0940;
				LastUpgradeCheck = 0940;
				ORGANIZATIONNAME = tapkain;
				TargetAttributes = {
					794EAF18213ABBA200939E5B = {
						CreatedOnToolsVersion = 9.4.1;
					};
					79ABEDC9213704BB009C8FE4 = {
						CreatedOnToolsVersion = 9.4.1;
						LastSwiftMigration = 0940;
					};
					79ABEDD2213704BC009C8FE4 = {
						CreatedOnToolsVersion = 9.4.1;
						TestTargetID = 794EAF18213ABBA200939E5B;
					};
				};
			};
			buildConfigurationList = 79ABEDC4213704BB009C8FE4 /* Build configuration list for PBXProject "CryptoCompareAPI" */;
			compatibilityVersion = "Xcode 9.3";
			developmentRegion = en;
			hasScannedForEncodings = 0;
			knownRegions = (
				en,
				Base,
			);
			mainGroup = 79ABEDC0213704BB009C8FE4;
			productRefGroup = 79ABEDCB213704BB009C8FE4 /* Products */;
			projectDirPath = "";
			projectRoot = "";
			targets = (
				79ABEDC9213704BB009C8FE4 /* CryptoCompareApi */,
				79ABEDD2213704BC009C8FE4 /* CryptoCompareApiTests */,
				794EAF18213ABBA200939E5B /* TestTarget */,
			);
		};
/* End PBXProject section */

/* Begin PBXResourcesBuildPhase section */
		794EAF17213ABBA200939E5B /* Resources */ = {
			isa = PBXResourcesBuildPhase;
			buildActionMask = 2147483647;
			files = (
				794EAF34213BE45D00939E5B /* CoinListResponse.json in Resources */,
			);
			runOnlyForDeploymentPostprocessing = 0;
		};
		79ABEDC8213704BB009C8FE4 /* Resources */ = {
			isa = PBXResourcesBuildPhase;
			buildActionMask = 2147483647;
			files = (
			);
			runOnlyForDeploymentPostprocessing = 0;
		};
		79ABEDD1213704BC009C8FE4 /* Resources */ = {
			isa = PBXResourcesBuildPhase;
			buildActionMask = 2147483647;
			files = (
				794EAF3A213C070000939E5B /* SymbolsPriceResponse.json in Resources */,
				796C089B215186C4006DD1DF /* HistoricalHourlyResponse.json in Resources */,
				79875BB6214BE78C000CBE14 /* ExchangesResponse.json in Resources */,
				794EAF30213AC86500939E5B /* CoinListResponse.json in Resources */,
				794EAF49213D193100939E5B /* HistoricalDailyResponse.json in Resources */,
				794EAF43213C712300939E5B /* SymbolsFullDataResponse.json in Resources */,
				79D318352143CB5200A4D0FD /* CustomAverageResponse.json in Resources */,
				79C7638721662892005BD675 /* NewsFeedsResponse.json in Resources */,
				794EAF38213C06DA00939E5B /* SymbolPriceResponse.json in Resources */,
			);
			runOnlyForDeploymentPostprocessing = 0;
		};
/* End PBXResourcesBuildPhase section */

/* Begin PBXSourcesBuildPhase section */
		794EAF15213ABBA200939E5B /* Sources */ = {
			isa = PBXSourcesBuildPhase;
			buildActionMask = 2147483647;
			files = (
				794EAF1C213ABBA300939E5B /* AppDelegate.swift in Sources */,
			);
			runOnlyForDeploymentPostprocessing = 0;
		};
		79ABEDC5213704BB009C8FE4 /* Sources */ = {
			isa = PBXSourcesBuildPhase;
			buildActionMask = 2147483647;
			files = (
				79ABEDF621373083009C8FE4 /* GetSymbolPriceRequest.swift in Sources */,
				79ABEDFC2137E210009C8FE4 /* HTTPParameter.swift in Sources */,
				79ABEDE721371C0C009C8FE4 /* Result.swift in Sources */,
				79C763822166242F005BD675 /* GetNewsFeedsRequest.swift in Sources */,
				794EAF33213ADCCC00939E5B /* CoinListResponse.swift in Sources */,
				79ABEE0621380C3C009C8FE4 /* ResponseValidator.swift in Sources */,
				79ABEDE5213716CD009C8FE4 /* CryptoCompareAPI.swift in Sources */,
				79B2EEE72146FA33008C6418 /* ValueParameter.swift in Sources */,
				79C7638921662E6F005BD675 /* GetLatestNewsRequest.swift in Sources */,
				794EAF41213C67A000939E5B /* SymbolsFullDataResponse.swift in Sources */,
				79C7638421662470005BD675 /* NewsFeedResponse.swift in Sources */,
				79ABEDF02137258C009C8FE4 /* CryptoCompareResponse.swift in Sources */,
				794EAF45213D15BA00939E5B /* GetHistoricalDailyRequest.swift in Sources */,
				79ABEDEB21371CDF009C8FE4 /* APIRequest.swift in Sources */,
				79ABEDF221372F1E009C8FE4 /* GetCoinListRequest.swift in Sources */,
				79875BB1214BE5D9000CBE14 /* GetExchangesRequest.swift in Sources */,
				79ABEE0421380AAE009C8FE4 /* RequestBuilder.swift in Sources */,
				79ABEDF421373078009C8FE4 /* GetSymbolsPriceRequest.swift in Sources */,
				794EAF3F213C673B00939E5B /* GetSymbolsFullDataRequest.swift in Sources */,
				79ABEDFE2137E272009C8FE4 /* CryptoCompareError.swift in Sources */,
				79D318302143CA5900A4D0FD /* GetCustomAverageRequest.swift in Sources */,
				796C089821517FB3006DD1DF /* GetHistoricalHourlyRequest.swift in Sources */,
				794EAF47213D174A00939E5B /* HistoricalDataResponse.swift in Sources */,
				79ABEDF92137D908009C8FE4 /* Exchange.swift in Sources */,
				79B2EEE92146FC7A008C6418 /* CustomAverageResponse.swift in Sources */,
			);
			runOnlyForDeploymentPostprocessing = 0;
		};
		79ABEDCF213704BC009C8FE4 /* Sources */ = {
			isa = PBXSourcesBuildPhase;
			buildActionMask = 2147483647;
			files = (
				79ABEE02213809C3009C8FE4 /* CryptoCompareRequestBuilderTests.swift in Sources */,
				79ABEDD9213704BC009C8FE4 /* CryptoCompareAPITests.swift in Sources */,
				794EAF2E213AC64000939E5B /* CryptoCompareResponseParserTests.swift in Sources */,
				79ABEE0A21380EB7009C8FE4 /* Shared.swift in Sources */,
			);
			runOnlyForDeploymentPostprocessing = 0;
		};
/* End PBXSourcesBuildPhase section */

/* Begin PBXTargetDependency section */
		794EAF2C213ABBEC00939E5B /* PBXTargetDependency */ = {
			isa = PBXTargetDependency;
			target = 794EAF18213ABBA200939E5B /* TestTarget */;
			targetProxy = 794EAF2B213ABBEC00939E5B /* PBXContainerItemProxy */;
		};
		79ABEDD6213704BC009C8FE4 /* PBXTargetDependency */ = {
			isa = PBXTargetDependency;
			target = 79ABEDC9213704BB009C8FE4 /* CryptoCompareApi */;
			targetProxy = 79ABEDD5213704BC009C8FE4 /* PBXContainerItemProxy */;
		};
/* End PBXTargetDependency section */

/* Begin XCBuildConfiguration section */
		794EAF29213ABBA600939E5B /* Debug */ = {
			isa = XCBuildConfiguration;
			buildSettings = {
				ASSETCATALOG_COMPILER_APPICON_NAME = AppIcon;
				CODE_SIGN_STYLE = Automatic;
				DEVELOPMENT_TEAM = A3J3S3699E;
				INFOPLIST_FILE = TestTarget/Info.plist;
				LD_RUNPATH_SEARCH_PATHS = (
					"$(inherited)",
					"@executable_path/Frameworks",
				);
				PRODUCT_BUNDLE_IDENTIFIER = com.tapkain.TestTarget;
				PRODUCT_NAME = "$(TARGET_NAME)";
				SWIFT_VERSION = 4.0;
				TARGETED_DEVICE_FAMILY = "1,2";
			};
			name = Debug;
		};
		794EAF2A213ABBA600939E5B /* Release */ = {
			isa = XCBuildConfiguration;
			buildSettings = {
				ASSETCATALOG_COMPILER_APPICON_NAME = AppIcon;
				CODE_SIGN_STYLE = Automatic;
				DEVELOPMENT_TEAM = A3J3S3699E;
				INFOPLIST_FILE = TestTarget/Info.plist;
				LD_RUNPATH_SEARCH_PATHS = (
					"$(inherited)",
					"@executable_path/Frameworks",
				);
				PRODUCT_BUNDLE_IDENTIFIER = com.tapkain.TestTarget;
				PRODUCT_NAME = "$(TARGET_NAME)";
				SWIFT_VERSION = 4.0;
				TARGETED_DEVICE_FAMILY = "1,2";
			};
			name = Release;
		};
		79ABEDDC213704BC009C8FE4 /* Debug */ = {
			isa = XCBuildConfiguration;
			buildSettings = {
				ALWAYS_SEARCH_USER_PATHS = NO;
				CLANG_ANALYZER_NONNULL = YES;
				CLANG_ANALYZER_NUMBER_OBJECT_CONVERSION = YES_AGGRESSIVE;
				CLANG_CXX_LANGUAGE_STANDARD = "gnu++14";
				CLANG_CXX_LIBRARY = "libc++";
				CLANG_ENABLE_MODULES = YES;
				CLANG_ENABLE_OBJC_ARC = YES;
				CLANG_ENABLE_OBJC_WEAK = YES;
				CLANG_WARN_BLOCK_CAPTURE_AUTORELEASING = YES;
				CLANG_WARN_BOOL_CONVERSION = YES;
				CLANG_WARN_COMMA = YES;
				CLANG_WARN_CONSTANT_CONVERSION = YES;
				CLANG_WARN_DEPRECATED_OBJC_IMPLEMENTATIONS = YES;
				CLANG_WARN_DIRECT_OBJC_ISA_USAGE = YES_ERROR;
				CLANG_WARN_DOCUMENTATION_COMMENTS = YES;
				CLANG_WARN_EMPTY_BODY = YES;
				CLANG_WARN_ENUM_CONVERSION = YES;
				CLANG_WARN_INFINITE_RECURSION = YES;
				CLANG_WARN_INT_CONVERSION = YES;
				CLANG_WARN_NON_LITERAL_NULL_CONVERSION = YES;
				CLANG_WARN_OBJC_IMPLICIT_RETAIN_SELF = YES;
				CLANG_WARN_OBJC_LITERAL_CONVERSION = YES;
				CLANG_WARN_OBJC_ROOT_CLASS = YES_ERROR;
				CLANG_WARN_RANGE_LOOP_ANALYSIS = YES;
				CLANG_WARN_STRICT_PROTOTYPES = YES;
				CLANG_WARN_SUSPICIOUS_MOVE = YES;
				CLANG_WARN_UNGUARDED_AVAILABILITY = YES_AGGRESSIVE;
				CLANG_WARN_UNREACHABLE_CODE = YES;
				CLANG_WARN__DUPLICATE_METHOD_MATCH = YES;
				CODE_SIGN_IDENTITY = "iPhone Developer";
				COPY_PHASE_STRIP = NO;
				CURRENT_PROJECT_VERSION = 1;
				DEBUG_INFORMATION_FORMAT = dwarf;
				ENABLE_STRICT_OBJC_MSGSEND = YES;
				ENABLE_TESTABILITY = YES;
				GCC_C_LANGUAGE_STANDARD = gnu11;
				GCC_DYNAMIC_NO_PIC = NO;
				GCC_NO_COMMON_BLOCKS = YES;
				GCC_OPTIMIZATION_LEVEL = 0;
				GCC_PREPROCESSOR_DEFINITIONS = (
					"DEBUG=1",
					"$(inherited)",
				);
				GCC_WARN_64_TO_32_BIT_CONVERSION = YES;
				GCC_WARN_ABOUT_RETURN_TYPE = YES_ERROR;
				GCC_WARN_UNDECLARED_SELECTOR = YES;
				GCC_WARN_UNINITIALIZED_AUTOS = YES_AGGRESSIVE;
				GCC_WARN_UNUSED_FUNCTION = YES;
				GCC_WARN_UNUSED_VARIABLE = YES;
				IPHONEOS_DEPLOYMENT_TARGET = 11.4;
				MTL_ENABLE_DEBUG_INFO = YES;
				ONLY_ACTIVE_ARCH = YES;
				SDKROOT = iphoneos;
				SWIFT_ACTIVE_COMPILATION_CONDITIONS = DEBUG;
				SWIFT_OPTIMIZATION_LEVEL = "-Onone";
				VERSIONING_SYSTEM = "apple-generic";
				VERSION_INFO_PREFIX = "";
			};
			name = Debug;
		};
		79ABEDDD213704BC009C8FE4 /* Release */ = {
			isa = XCBuildConfiguration;
			buildSettings = {
				ALWAYS_SEARCH_USER_PATHS = NO;
				CLANG_ANALYZER_NONNULL = YES;
				CLANG_ANALYZER_NUMBER_OBJECT_CONVERSION = YES_AGGRESSIVE;
				CLANG_CXX_LANGUAGE_STANDARD = "gnu++14";
				CLANG_CXX_LIBRARY = "libc++";
				CLANG_ENABLE_MODULES = YES;
				CLANG_ENABLE_OBJC_ARC = YES;
				CLANG_ENABLE_OBJC_WEAK = YES;
				CLANG_WARN_BLOCK_CAPTURE_AUTORELEASING = YES;
				CLANG_WARN_BOOL_CONVERSION = YES;
				CLANG_WARN_COMMA = YES;
				CLANG_WARN_CONSTANT_CONVERSION = YES;
				CLANG_WARN_DEPRECATED_OBJC_IMPLEMENTATIONS = YES;
				CLANG_WARN_DIRECT_OBJC_ISA_USAGE = YES_ERROR;
				CLANG_WARN_DOCUMENTATION_COMMENTS = YES;
				CLANG_WARN_EMPTY_BODY = YES;
				CLANG_WARN_ENUM_CONVERSION = YES;
				CLANG_WARN_INFINITE_RECURSION = YES;
				CLANG_WARN_INT_CONVERSION = YES;
				CLANG_WARN_NON_LITERAL_NULL_CONVERSION = YES;
				CLANG_WARN_OBJC_IMPLICIT_RETAIN_SELF = YES;
				CLANG_WARN_OBJC_LITERAL_CONVERSION = YES;
				CLANG_WARN_OBJC_ROOT_CLASS = YES_ERROR;
				CLANG_WARN_RANGE_LOOP_ANALYSIS = YES;
				CLANG_WARN_STRICT_PROTOTYPES = YES;
				CLANG_WARN_SUSPICIOUS_MOVE = YES;
				CLANG_WARN_UNGUARDED_AVAILABILITY = YES_AGGRESSIVE;
				CLANG_WARN_UNREACHABLE_CODE = YES;
				CLANG_WARN__DUPLICATE_METHOD_MATCH = YES;
				CODE_SIGN_IDENTITY = "iPhone Developer";
				COPY_PHASE_STRIP = NO;
				CURRENT_PROJECT_VERSION = 1;
				DEBUG_INFORMATION_FORMAT = "dwarf-with-dsym";
				ENABLE_NS_ASSERTIONS = NO;
				ENABLE_STRICT_OBJC_MSGSEND = YES;
				GCC_C_LANGUAGE_STANDARD = gnu11;
				GCC_NO_COMMON_BLOCKS = YES;
				GCC_WARN_64_TO_32_BIT_CONVERSION = YES;
				GCC_WARN_ABOUT_RETURN_TYPE = YES_ERROR;
				GCC_WARN_UNDECLARED_SELECTOR = YES;
				GCC_WARN_UNINITIALIZED_AUTOS = YES_AGGRESSIVE;
				GCC_WARN_UNUSED_FUNCTION = YES;
				GCC_WARN_UNUSED_VARIABLE = YES;
				IPHONEOS_DEPLOYMENT_TARGET = 11.4;
				MTL_ENABLE_DEBUG_INFO = NO;
				SDKROOT = iphoneos;
				SWIFT_COMPILATION_MODE = wholemodule;
				SWIFT_OPTIMIZATION_LEVEL = "-O";
				VALIDATE_PRODUCT = YES;
				VERSIONING_SYSTEM = "apple-generic";
				VERSION_INFO_PREFIX = "";
			};
			name = Release;
		};
		79ABEDDF213704BC009C8FE4 /* Debug */ = {
			isa = XCBuildConfiguration;
			buildSettings = {
				APPLICATION_EXTENSION_API_ONLY = NO;
				CLANG_ENABLE_MODULES = YES;
				CODE_SIGN_IDENTITY = "iPhone Developer";
				CODE_SIGN_STYLE = Automatic;
				DEFINES_MODULE = YES;
				DEVELOPMENT_TEAM = "";
				DYLIB_COMPATIBILITY_VERSION = 1;
				DYLIB_CURRENT_VERSION = 1;
				DYLIB_INSTALL_NAME_BASE = "@rpath";
				INFOPLIST_FILE = CryptoCompareApi/Info.plist;
				INSTALL_PATH = "$(LOCAL_LIBRARY_DIR)/Frameworks";
				IPHONEOS_DEPLOYMENT_TARGET = 10.0;
				LD_RUNPATH_SEARCH_PATHS = (
					"$(inherited)",
					"@executable_path/Frameworks",
					"@loader_path/Frameworks",
				);
				PRODUCT_BUNDLE_IDENTIFIER = com.tapkain.CryptoCompareApi;
				PRODUCT_NAME = "$(TARGET_NAME:c99extidentifier)";
				PROVISIONING_PROFILE_SPECIFIER = "";
				SKIP_INSTALL = YES;
				SWIFT_OPTIMIZATION_LEVEL = "-Onone";
				SWIFT_VERSION = 4.0;
				TARGETED_DEVICE_FAMILY = "1,2";
			};
			name = Debug;
		};
		79ABEDE0213704BC009C8FE4 /* Release */ = {
			isa = XCBuildConfiguration;
			buildSettings = {
				APPLICATION_EXTENSION_API_ONLY = NO;
				CLANG_ENABLE_MODULES = YES;
				CODE_SIGN_IDENTITY = "iPhone Developer";
				CODE_SIGN_STYLE = Automatic;
				DEFINES_MODULE = YES;
				DEVELOPMENT_TEAM = "";
				DYLIB_COMPATIBILITY_VERSION = 1;
				DYLIB_CURRENT_VERSION = 1;
				DYLIB_INSTALL_NAME_BASE = "@rpath";
				INFOPLIST_FILE = CryptoCompareApi/Info.plist;
				INSTALL_PATH = "$(LOCAL_LIBRARY_DIR)/Frameworks";
				IPHONEOS_DEPLOYMENT_TARGET = 10.0;
				LD_RUNPATH_SEARCH_PATHS = (
					"$(inherited)",
					"@executable_path/Frameworks",
					"@loader_path/Frameworks",
				);
				PRODUCT_BUNDLE_IDENTIFIER = com.tapkain.CryptoCompareApi;
				PRODUCT_NAME = "$(TARGET_NAME:c99extidentifier)";
				PROVISIONING_PROFILE_SPECIFIER = "";
				SKIP_INSTALL = YES;
				SWIFT_VERSION = 4.0;
				TARGETED_DEVICE_FAMILY = "1,2";
			};
			name = Release;
		};
		79ABEDE2213704BC009C8FE4 /* Debug */ = {
			isa = XCBuildConfiguration;
			buildSettings = {
				ALWAYS_EMBED_SWIFT_STANDARD_LIBRARIES = YES;
				CODE_SIGN_IDENTITY = "iPhone Developer";
				CODE_SIGN_STYLE = Automatic;
				DEVELOPMENT_TEAM = "";
				INFOPLIST_FILE = CryptoCompareApiTests/Info.plist;
				LD_RUNPATH_SEARCH_PATHS = (
					"$(inherited)",
					"@executable_path/Frameworks",
					"@loader_path/Frameworks",
				);
				PRODUCT_BUNDLE_IDENTIFIER = com.tapkain.CryptoCompareApiTests;
				PRODUCT_NAME = "$(TARGET_NAME)";
				PROVISIONING_PROFILE_SPECIFIER = "";
				SWIFT_VERSION = 4.0;
				TARGETED_DEVICE_FAMILY = "1,2";
				TEST_HOST = "$(BUILT_PRODUCTS_DIR)/TestTarget.app/TestTarget";
			};
			name = Debug;
		};
		79ABEDE3213704BC009C8FE4 /* Release */ = {
			isa = XCBuildConfiguration;
			buildSettings = {
				ALWAYS_EMBED_SWIFT_STANDARD_LIBRARIES = YES;
				CODE_SIGN_IDENTITY = "iPhone Developer";
				CODE_SIGN_STYLE = Automatic;
				DEVELOPMENT_TEAM = "";
				INFOPLIST_FILE = CryptoCompareApiTests/Info.plist;
				LD_RUNPATH_SEARCH_PATHS = (
					"$(inherited)",
					"@executable_path/Frameworks",
					"@loader_path/Frameworks",
				);
				PRODUCT_BUNDLE_IDENTIFIER = com.tapkain.CryptoCompareApiTests;
				PRODUCT_NAME = "$(TARGET_NAME)";
				PROVISIONING_PROFILE_SPECIFIER = "";
				SWIFT_VERSION = 4.0;
				TARGETED_DEVICE_FAMILY = "1,2";
				TEST_HOST = "$(BUILT_PRODUCTS_DIR)/TestTarget.app/TestTarget";
			};
			name = Release;
		};
/* End XCBuildConfiguration section */

/* Begin XCConfigurationList section */
		794EAF28213ABBA600939E5B /* Build configuration list for PBXNativeTarget "TestTarget" */ = {
			isa = XCConfigurationList;
			buildConfigurations = (
				794EAF29213ABBA600939E5B /* Debug */,
				794EAF2A213ABBA600939E5B /* Release */,
			);
			defaultConfigurationIsVisible = 0;
			defaultConfigurationName = Release;
		};
		79ABEDC4213704BB009C8FE4 /* Build configuration list for PBXProject "CryptoCompareAPI" */ = {
			isa = XCConfigurationList;
			buildConfigurations = (
				79ABEDDC213704BC009C8FE4 /* Debug */,
				79ABEDDD213704BC009C8FE4 /* Release */,
			);
			defaultConfigurationIsVisible = 0;
			defaultConfigurationName = Release;
		};
		79ABEDDE213704BC009C8FE4 /* Build configuration list for PBXNativeTarget "CryptoCompareApi" */ = {
			isa = XCConfigurationList;
			buildConfigurations = (
				79ABEDDF213704BC009C8FE4 /* Debug */,
				79ABEDE0213704BC009C8FE4 /* Release */,
			);
			defaultConfigurationIsVisible = 0;
			defaultConfigurationName = Release;
		};
		79ABEDE1213704BC009C8FE4 /* Build configuration list for PBXNativeTarget "CryptoCompareApiTests" */ = {
			isa = XCConfigurationList;
			buildConfigurations = (
				79ABEDE2213704BC009C8FE4 /* Debug */,
				79ABEDE3213704BC009C8FE4 /* Release */,
			);
			defaultConfigurationIsVisible = 0;
			defaultConfigurationName = Release;
		};
/* End XCConfigurationList section */
	};
	rootObject = 79ABEDC1213704BB009C8FE4 /* Project object */;
}
